
Microsoft Visual Studio Solution File, Format Version 12.00
# Visual Studio 15
Project("{FAE04EC0-301F-11D3-BF4B-00C04F79EFBC}") = "Assembly-CSharp", "Assembly-CSharp.csproj", "{2FF3C820-BEA6-29E2-D92E-2DDB19F0CDDE}"
EndProject
Global
	GlobalSection(SolutionConfigurationPlatforms) = preSolution
		Debug|Any CPU = Debug|Any CPU
		Release|Any CPU = Release|Any CPU
	EndGlobalSection
	GlobalSection(ProjectConfigurationPlatforms) = postSolution
		{2FF3C820-BEA6-29E2-D92E-2DDB19F0CDDE}.Debug|Any CPU.ActiveCfg = Debug|Any CPU
		{2FF3C820-BEA6-29E2-D92E-2DDB19F0CDDE}.Debug|Any CPU.Build.0 = Debug|Any CPU
		{2FF3C820-BEA6-29E2-D92E-2DDB19F0CDDE}.Release|Any CPU.ActiveCfg = Release|Any CPU
		{2FF3C820-BEA6-29E2-D92E-2DDB19F0CDDE}.Release|Any CPU.Build.0 = Release|Any CPU
	EndGlobalSection
	GlobalSection(SolutionProperties) = preSolution
		HideSolutionNode = FALSE
	EndGlobalSection
EndGlobal
